// !$*UTF8*$!
{
	archiveVersion = 1;
	classes = {
	};
	objectVersion = 56;
	objects = {

/* Begin PBXBuildFile section */
		38089BED2C12F08100B787DA /* AppDelegate.swift in Sources */ = {isa = PBXBuildFile; fileRef = 38089BEC2C12F08100B787DA /* AppDelegate.swift */; };
		38089BEF2C12F08100B787DA /* SceneDelegate.swift in Sources */ = {isa = PBXBuildFile; fileRef = 38089BEE2C12F08100B787DA /* SceneDelegate.swift */; };
		38089BF12C12F08100B787DA /* ViewController.swift in Sources */ = {isa = PBXBuildFile; fileRef = 38089BF02C12F08100B787DA /* ViewController.swift */; };
		38089BF42C12F08100B787DA /* Main.storyboard in Resources */ = {isa = PBXBuildFile; fileRef = 38089BF22C12F08100B787DA /* Main.storyboard */; };
		38089BF62C12F08300B787DA /* Assets.xcassets in Resources */ = {isa = PBXBuildFile; fileRef = 38089BF52C12F08300B787DA /* Assets.xcassets */; };
		38089BF92C12F08300B787DA /* LaunchScreen.storyboard in Resources */ = {isa = PBXBuildFile; fileRef = 38089BF72C12F08300B787DA /* LaunchScreen.storyboard */; };
		38089C042C12F08300B787DA /* batailleNavaleTests.swift in Sources */ = {isa = PBXBuildFile; fileRef = 38089C032C12F08300B787DA /* batailleNavaleTests.swift */; };
		38089C0E2C12F08300B787DA /* batailleNavaleUITests.swift in Sources */ = {isa = PBXBuildFile; fileRef = 38089C0D2C12F08300B787DA /* batailleNavaleUITests.swift */; };
		38089C102C12F08300B787DA /* batailleNavaleUITestsLaunchTests.swift in Sources */ = {isa = PBXBuildFile; fileRef = 38089C0F2C12F08300B787DA /* batailleNavaleUITestsLaunchTests.swift */; };
		38089C1D2C1319FB00B787DA /* Battle.swift in Sources */ = {isa = PBXBuildFile; fileRef = 38089C1C2C1319FB00B787DA /* Battle.swift */; };
/* End PBXBuildFile section */

/* Begin PBXContainerItemProxy section */
		38089C002C12F08300B787DA /* PBXContainerItemProxy */ = {
			isa = PBXContainerItemProxy;
			containerPortal = 38089BE12C12F08100B787DA /* Project object */;
			proxyType = 1;
			remoteGlobalIDString = 38089BE82C12F08100B787DA;
			remoteInfo = batailleNavale;
		};
		38089C0A2C12F08300B787DA /* PBXContainerItemProxy */ = {
			isa = PBXContainerItemProxy;
			containerPortal = 38089BE12C12F08100B787DA /* Project object */;
			proxyType = 1;
			remoteGlobalIDString = 38089BE82C12F08100B787DA;
			remoteInfo = batailleNavale;
		};
/* End PBXContainerItemProxy section */

/* Begin PBXFileReference section */
		38089BE92C12F08100B787DA /* batailleNavale.app */ = {isa = PBXFileReference; explicitFileType = wrapper.application; includeInIndex = 0; path = batailleNavale.app; sourceTree = BUILT_PRODUCTS_DIR; };
		38089BEC2C12F08100B787DA /* AppDelegate.swift */ = {isa = PBXFileReference; lastKnownFileType = sourcecode.swift; path = AppDelegate.swift; sourceTree = "<group>"; };
		38089BEE2C12F08100B787DA /* SceneDelegate.swift */ = {isa = PBXFileReference; lastKnownFileType = sourcecode.swift; path = SceneDelegate.swift; sourceTree = "<group>"; };
		38089BF02C12F08100B787DA /* ViewController.swift */ = {isa = PBXFileReference; lastKnownFileType = sourcecode.swift; path = ViewController.swift; sourceTree = "<group>"; };
		38089BF32C12F08100B787DA /* Base */ = {isa = PBXFileReference; lastKnownFileType = file.storyboard; name = Base; path = Base.lproj/Main.storyboard; sourceTree = "<group>"; };
		38089BF52C12F08300B787DA /* Assets.xcassets */ = {isa = PBXFileReference; lastKnownFileType = folder.assetcatalog; path = Assets.xcassets; sourceTree = "<group>"; };
		38089BF82C12F08300B787DA /* Base */ = {isa = PBXFileReference; lastKnownFileType = file.storyboard; name = Base; path = Base.lproj/LaunchScreen.storyboard; sourceTree = "<group>"; };
		38089BFA2C12F08300B787DA /* Info.plist */ = {isa = PBXFileReference; lastKnownFileType = text.plist.xml; path = Info.plist; sourceTree = "<group>"; };
		38089BFF2C12F08300B787DA /* batailleNavaleTests.xctest */ = {isa = PBXFileReference; explicitFileType = wrapper.cfbundle; includeInIndex = 0; path = batailleNavaleTests.xctest; sourceTree = BUILT_PRODUCTS_DIR; };
		38089C032C12F08300B787DA /* batailleNavaleTests.swift */ = {isa = PBXFileReference; lastKnownFileType = sourcecode.swift; path = batailleNavaleTests.swift; sourceTree = "<group>"; };
		38089C092C12F08300B787DA /* batailleNavaleUITests.xctest */ = {isa = PBXFileReference; explicitFileType = wrapper.cfbundle; includeInIndex = 0; path = batailleNavaleUITests.xctest; sourceTree = BUILT_PRODUCTS_DIR; };
		38089C0D2C12F08300B787DA /* batailleNavaleUITests.swift */ = {isa = PBXFileReference; lastKnownFileType = sourcecode.swift; path = batailleNavaleUITests.swift; sourceTree = "<group>"; };
		38089C0F2C12F08300B787DA /* batailleNavaleUITestsLaunchTests.swift */ = {isa = PBXFileReference; lastKnownFileType = sourcecode.swift; path = batailleNavaleUITestsLaunchTests.swift; sourceTree = "<group>"; };
		38089C1C2C1319FB00B787DA /* Battle.swift */ = {isa = PBXFileReference; lastKnownFileType = sourcecode.swift; path = Battle.swift; sourceTree = "<group>"; };
/* End PBXFileReference section */

/* Begin PBXFrameworksBuildPhase section */
		38089BE62C12F08100B787DA /* Frameworks */ = {
			isa = PBXFrameworksBuildPhase;
			buildActionMask = 2147483647;
			files = (
			);
			runOnlyForDeploymentPostprocessing = 0;
		};
		38089BFC2C12F08300B787DA /* Frameworks */ = {
			isa = PBXFrameworksBuildPhase;
			buildActionMask = 2147483647;
			files = (
			);
			runOnlyForDeploymentPostprocessing = 0;
		};
		38089C062C12F08300B787DA /* Frameworks */ = {
			isa = PBXFrameworksBuildPhase;
			buildActionMask = 2147483647;
			files = (
			);
			runOnlyForDeploymentPostprocessing = 0;
		};
/* End PBXFrameworksBuildPhase section */

/* Begin PBXGroup section */
		38089BE02C12F08100B787DA = {
			isa = PBXGroup;
			children = (
				38089BEB2C12F08100B787DA /* batailleNavale */,
				38089C022C12F08300B787DA /* batailleNavaleTests */,
				38089C0C2C12F08300B787DA /* batailleNavaleUITests */,
				38089BEA2C12F08100B787DA /* Products */,
			);
			sourceTree = "<group>";
		};
		38089BEA2C12F08100B787DA /* Products */ = {
			isa = PBXGroup;
			children = (
				38089BE92C12F08100B787DA /* batailleNavale.app */,
				38089BFF2C12F08300B787DA /* batailleNavaleTests.xctest */,
				38089C092C12F08300B787DA /* batailleNavaleUITests.xctest */,
			);
			name = Products;
			sourceTree = "<group>";
		};
		38089BEB2C12F08100B787DA /* batailleNavale */ = {
			isa = PBXGroup;
			children = (
				38089BEC2C12F08100B787DA /* AppDelegate.swift */,
				38089BEE2C12F08100B787DA /* SceneDelegate.swift */,
				38089BF02C12F08100B787DA /* ViewController.swift */,
				38089BF22C12F08100B787DA /* Main.storyboard */,
				38089C1C2C1319FB00B787DA /* Battle.swift */,
				38089BF52C12F08300B787DA /* Assets.xcassets */,
				38089BF72C12F08300B787DA /* LaunchScreen.storyboard */,
				38089BFA2C12F08300B787DA /* Info.plist */,
			);
			path = batailleNavale;
			sourceTree = "<group>";
		};
		38089C022C12F08300B787DA /* batailleNavaleTests */ = {
			isa = PBXGroup;
			children = (
				38089C032C12F08300B787DA /* batailleNavaleTests.swift */,
			);
			path = batailleNavaleTests;
			sourceTree = "<group>";
		};
		38089C0C2C12F08300B787DA /* batailleNavaleUITests */ = {
			isa = PBXGroup;
			children = (
				38089C0D2C12F08300B787DA /* batailleNavaleUITests.swift */,
				38089C0F2C12F08300B787DA /* batailleNavaleUITestsLaunchTests.swift */,
			);
			path = batailleNavaleUITests;
			sourceTree = "<group>";
		};
/* End PBXGroup section */

/* Begin PBXNativeTarget section */
		38089BE82C12F08100B787DA /* batailleNavale */ = {
			isa = PBXNativeTarget;
			buildConfigurationList = 38089C132C12F08300B787DA /* Build configuration list for PBXNativeTarget "batailleNavale" */;
			buildPhases = (
				38089BE52C12F08100B787DA /* Sources */,
				38089BE62C12F08100B787DA /* Frameworks */,
				38089BE72C12F08100B787DA /* Resources */,
			);
			buildRules = (
			);
			dependencies = (
			);
			name = batailleNavale;
			productName = batailleNavale;
			productReference = 38089BE92C12F08100B787DA /* batailleNavale.app */;
			productType = "com.apple.product-type.application";
		};
		38089BFE2C12F08300B787DA /* batailleNavaleTests */ = {
			isa = PBXNativeTarget;
			buildConfigurationList = 38089C162C12F08400B787DA /* Build configuration list for PBXNativeTarget "batailleNavaleTests" */;
			buildPhases = (
				38089BFB2C12F08300B787DA /* Sources */,
				38089BFC2C12F08300B787DA /* Frameworks */,
				38089BFD2C12F08300B787DA /* Resources */,
			);
			buildRules = (
			);
			dependencies = (
				38089C012C12F08300B787DA /* PBXTargetDependency */,
			);
			name = batailleNavaleTests;
			productName = batailleNavaleTests;
			productReference = 38089BFF2C12F08300B787DA /* batailleNavaleTests.xctest */;
			productType = "com.apple.product-type.bundle.unit-test";
		};
		38089C082C12F08300B787DA /* batailleNavaleUITests */ = {
			isa = PBXNativeTarget;
			buildConfigurationList = 38089C192C12F08400B787DA /* Build configuration list for PBXNativeTarget "batailleNavaleUITests" */;
			buildPhases = (
				38089C052C12F08300B787DA /* Sources */,
				38089C062C12F08300B787DA /* Frameworks */,
				38089C072C12F08300B787DA /* Resources */,
			);
			buildRules = (
			);
			dependencies = (
				38089C0B2C12F08300B787DA /* PBXTargetDependency */,
			);
			name = batailleNavaleUITests;
			productName = batailleNavaleUITests;
			productReference = 38089C092C12F08300B787DA /* batailleNavaleUITests.xctest */;
			productType = "com.apple.product-type.bundle.ui-testing";
		};
/* End PBXNativeTarget section */

/* Begin PBXProject section */
		38089BE12C12F08100B787DA /* Project object */ = {
			isa = PBXProject;
			attributes = {
				BuildIndependentTargetsInParallel = 1;
				LastSwiftUpdateCheck = 1520;
				LastUpgradeCheck = 1520;
				TargetAttributes = {
					38089BE82C12F08100B787DA = {
						CreatedOnToolsVersion = 15.2;
					};
					38089BFE2C12F08300B787DA = {
						CreatedOnToolsVersion = 15.2;
						TestTargetID = 38089BE82C12F08100B787DA;
					};
					38089C082C12F08300B787DA = {
						CreatedOnToolsVersion = 15.2;
						TestTargetID = 38089BE82C12F08100B787DA;
					};
				};
			};
			buildConfigurationList = 38089BE42C12F08100B787DA /* Build configuration list for PBXProject "batailleNavale" */;
			compatibilityVersion = "Xcode 14.0";
			developmentRegion = en;
			hasScannedForEncodings = 0;
			knownRegions = (
				en,
				Base,
			);
			mainGroup = 38089BE02C12F08100B787DA;
			productRefGroup = 38089BEA2C12F08100B787DA /* Products */;
			projectDirPath = "";
			projectRoot = "";
			targets = (
				38089BE82C12F08100B787DA /* batailleNavale */,
				38089BFE2C12F08300B787DA /* batailleNavaleTests */,
				38089C082C12F08300B787DA /* batailleNavaleUITests */,
			);
		};
/* End PBXProject section */

/* Begin PBXResourcesBuildPhase section */
		38089BE72C12F08100B787DA /* Resources */ = {
			isa = PBXResourcesBuildPhase;
			buildActionMask = 2147483647;
			files = (
				38089BF92C12F08300B787DA /* LaunchScreen.storyboard in Resources */,
				38089BF62C12F08300B787DA /* Assets.xcassets in Resources */,
				38089BF42C12F08100B787DA /* Main.storyboard in Resources */,
			);
			runOnlyForDeploymentPostprocessing = 0;
		};
		38089BFD2C12F08300B787DA /* Resources */ = {
			isa = PBXResourcesBuildPhase;
			buildActionMask = 2147483647;
			files = (
			);
			runOnlyForDeploymentPostprocessing = 0;
		};
		38089C072C12F08300B787DA /* Resources */ = {
			isa = PBXResourcesBuildPhase;
			buildActionMask = 2147483647;
			files = (
			);
			runOnlyForDeploymentPostprocessing = 0;
		};
/* End PBXResourcesBuildPhase section */

/* Begin PBXSourcesBuildPhase section */
		38089BE52C12F08100B787DA /* Sources */ = {
			isa = PBXSourcesBuildPhase;
			buildActionMask = 2147483647;
			files = (
				38089BF12C12F08100B787DA /* ViewController.swift in Sources */,
				38089BED2C12F08100B787DA /* AppDelegate.swift in Sources */,
				38089BEF2C12F08100B787DA /* SceneDelegate.swift in Sources */,
				38089C1D2C1319FB00B787DA /* Battle.swift in Sources */,
			);
			runOnlyForDeploymentPostprocessing = 0;
		};
		38089BFB2C12F08300B787DA /* Sources */ = {
			isa = PBXSourcesBuildPhase;
			buildActionMask = 2147483647;
			files = (
				38089C042C12F08300B787DA /* batailleNavaleTests.swift in Sources */,
			);
			runOnlyForDeploymentPostprocessing = 0;
		};
		38089C052C12F08300B787DA /* Sources */ = {
			isa = PBXSourcesBuildPhase;
			buildActionMask = 2147483647;
			files = (
				38089C0E2C12F08300B787DA /* batailleNavaleUITests.swift in Sources */,
				38089C102C12F08300B787DA /* batailleNavaleUITestsLaunchTests.swift in Sources */,
			);
			runOnlyForDeploymentPostprocessing = 0;
		};
/* End PBXSourcesBuildPhase section */

/* Begin PBXTargetDependency section */
		38089C012C12F08300B787DA /* PBXTargetDependency */ = {
			isa = PBXTargetDependency;
			target = 38089BE82C12F08100B787DA /* batailleNavale */;
			targetProxy = 38089C002C12F08300B787DA /* PBXContainerItemProxy */;
		};
		38089C0B2C12F08300B787DA /* PBXTargetDependency */ = {
			isa = PBXTargetDependency;
			target = 38089BE82C12F08100B787DA /* batailleNavale */;
			targetProxy = 38089C0A2C12F08300B787DA /* PBXContainerItemProxy */;
		};
/* End PBXTargetDependency section */

/* Begin PBXVariantGroup section */
		38089BF22C12F08100B787DA /* Main.storyboard */ = {
			isa = PBXVariantGroup;
			children = (
				38089BF32C12F08100B787DA /* Base */,
			);
			name = Main.storyboard;
			sourceTree = "<group>";
		};
		38089BF72C12F08300B787DA /* LaunchScreen.storyboard */ = {
			isa = PBXVariantGroup;
			children = (
				38089BF82C12F08300B787DA /* Base */,
			);
			name = LaunchScreen.storyboard;
			sourceTree = "<group>";
		};
/* End PBXVariantGroup section */

/* Begin XCBuildConfiguration section */
		38089C112C12F08300B787DA /* Debug */ = {
			isa = XCBuildConfiguration;
			buildSettings = {
				ALWAYS_SEARCH_USER_PATHS = NO;
				ASSETCATALOG_COMPILER_GENERATE_SWIFT_ASSET_SYMBOL_EXTENSIONS = YES;
				CLANG_ANALYZER_NONNULL = YES;
				CLANG_ANALYZER_NUMBER_OBJECT_CONVERSION = YES_AGGRESSIVE;
				CLANG_CXX_LANGUAGE_STANDARD = "gnu++20";
				CLANG_ENABLE_MODULES = YES;
				CLANG_ENABLE_OBJC_ARC = YES;
				CLANG_ENABLE_OBJC_WEAK = YES;
				CLANG_WARN_BLOCK_CAPTURE_AUTORELEASING = YES;
				CLANG_WARN_BOOL_CONVERSION = YES;
				CLANG_WARN_COMMA = YES;
				CLANG_WARN_CONSTANT_CONVERSION = YES;
				CLANG_WARN_DEPRECATED_OBJC_IMPLEMENTATIONS = YES;
				CLANG_WARN_DIRECT_OBJC_ISA_USAGE = YES_ERROR;
				CLANG_WARN_DOCUMENTATION_COMMENTS = YES;
				CLANG_WARN_EMPTY_BODY = YES;
				CLANG_WARN_ENUM_CONVERSION = YES;
				CLANG_WARN_INFINITE_RECURSION = YES;
				CLANG_WARN_INT_CONVERSION = YES;
				CLANG_WARN_NON_LITERAL_NULL_CONVERSION = YES;
				CLANG_WARN_OBJC_IMPLICIT_RETAIN_SELF = YES;
				CLANG_WARN_OBJC_LITERAL_CONVERSION = YES;
				CLANG_WARN_OBJC_ROOT_CLASS = YES_ERROR;
				CLANG_WARN_QUOTED_INCLUDE_IN_FRAMEWORK_HEADER = YES;
				CLANG_WARN_RANGE_LOOP_ANALYSIS = YES;
				CLANG_WARN_STRICT_PROTOTYPES = YES;
				CLANG_WARN_SUSPICIOUS_MOVE = YES;
				CLANG_WARN_UNGUARDED_AVAILABILITY = YES_AGGRESSIVE;
				CLANG_WARN_UNREACHABLE_CODE = YES;
				CLANG_WARN__DUPLICATE_METHOD_MATCH = YES;
				COPY_PHASE_STRIP = NO;
				DEBUG_INFORMATION_FORMAT = dwarf;
				ENABLE_STRICT_OBJC_MSGSEND = YES;
				ENABLE_TESTABILITY = YES;
				ENABLE_USER_SCRIPT_SANDBOXING = YES;
				GCC_C_LANGUAGE_STANDARD = gnu17;
				GCC_DYNAMIC_NO_PIC = NO;
				GCC_NO_COMMON_BLOCKS = YES;
				GCC_OPTIMIZATION_LEVEL = 0;
				GCC_PREPROCESSOR_DEFINITIONS = (
					"DEBUG=1",
					"$(inherited)",
				);
				GCC_WARN_64_TO_32_BIT_CONVERSION = YES;
				GCC_WARN_ABOUT_RETURN_TYPE = YES_ERROR;
				GCC_WARN_UNDECLARED_SELECTOR = YES;
				GCC_WARN_UNINITIALIZED_AUTOS = YES_AGGRESSIVE;
				GCC_WARN_UNUSED_FUNCTION = YES;
				GCC_WARN_UNUSED_VARIABLE = YES;
				IPHONEOS_DEPLOYMENT_TARGET = 17.2;
				LOCALIZATION_PREFERS_STRING_CATALOGS = YES;
				MTL_ENABLE_DEBUG_INFO = INCLUDE_SOURCE;
				MTL_FAST_MATH = YES;
				ONLY_ACTIVE_ARCH = YES;
				SDKROOT = iphoneos;
				SWIFT_ACTIVE_COMPILATION_CONDITIONS = "DEBUG $(inherited)";
				SWIFT_OPTIMIZATION_LEVEL = "-Onone";
			};
			name = Debug;
		};
		38089C122C12F08300B787DA /* Release */ = {
			isa = XCBuildConfiguration;
			buildSettings = {
				ALWAYS_SEARCH_USER_PATHS = NO;
				ASSETCATALOG_COMPILER_GENERATE_SWIFT_ASSET_SYMBOL_EXTENSIONS = YES;
				CLANG_ANALYZER_NONNULL = YES;
				CLANG_ANALYZER_NUMBER_OBJECT_CONVERSION = YES_AGGRESSIVE;
				CLANG_CXX_LANGUAGE_STANDARD = "gnu++20";
				CLANG_ENABLE_MODULES = YES;
				CLANG_ENABLE_OBJC_ARC = YES;
				CLANG_ENABLE_OBJC_WEAK = YES;
				CLANG_WARN_BLOCK_CAPTURE_AUTORELEASING = YES;
				CLANG_WARN_BOOL_CONVERSION = YES;
				CLANG_WARN_COMMA = YES;
				CLANG_WARN_CONSTANT_CONVERSION = YES;
				CLANG_WARN_DEPRECATED_OBJC_IMPLEMENTATIONS = YES;
				CLANG_WARN_DIRECT_OBJC_ISA_USAGE = YES_ERROR;
				CLANG_WARN_DOCUMENTATION_COMMENTS = YES;
				CLANG_WARN_EMPTY_BODY = YES;
				CLANG_WARN_ENUM_CONVERSION = YES;
				CLANG_WARN_INFINITE_RECURSION = YES;
				CLANG_WARN_INT_CONVERSION = YES;
				CLANG_WARN_NON_LITERAL_NULL_CONVERSION = YES;
				CLANG_WARN_OBJC_IMPLICIT_RETAIN_SELF = YES;
				CLANG_WARN_OBJC_LITERAL_CONVERSION = YES;
				CLANG_WARN_OBJC_ROOT_CLASS = YES_ERROR;
				CLANG_WARN_QUOTED_INCLUDE_IN_FRAMEWORK_HEADER = YES;
				CLANG_WARN_RANGE_LOOP_ANALYSIS = YES;
				CLANG_WARN_STRICT_PROTOTYPES = YES;
				CLANG_WARN_SUSPICIOUS_MOVE = YES;
				CLANG_WARN_UNGUARDED_AVAILABILITY = YES_AGGRESSIVE;
				CLANG_WARN_UNREACHABLE_CODE = YES;
				CLANG_WARN__DUPLICATE_METHOD_MATCH = YES;
				COPY_PHASE_STRIP = NO;
				DEBUG_INFORMATION_FORMAT = "dwarf-with-dsym";
				ENABLE_NS_ASSERTIONS = NO;
				ENABLE_STRICT_OBJC_MSGSEND = YES;
				ENABLE_USER_SCRIPT_SANDBOXING = YES;
				GCC_C_LANGUAGE_STANDARD = gnu17;
				GCC_NO_COMMON_BLOCKS = YES;
				GCC_WARN_64_TO_32_BIT_CONVERSION = YES;
				GCC_WARN_ABOUT_RETURN_TYPE = YES_ERROR;
				GCC_WARN_UNDECLARED_SELECTOR = YES;
				GCC_WARN_UNINITIALIZED_AUTOS = YES_AGGRESSIVE;
				GCC_WARN_UNUSED_FUNCTION = YES;
				GCC_WARN_UNUSED_VARIABLE = YES;
				IPHONEOS_DEPLOYMENT_TARGET = 17.2;
				LOCALIZATION_PREFERS_STRING_CATALOGS = YES;
				MTL_ENABLE_DEBUG_INFO = NO;
				MTL_FAST_MATH = YES;
				SDKROOT = iphoneos;
				SWIFT_COMPILATION_MODE = wholemodule;
				VALIDATE_PRODUCT = YES;
			};
			name = Release;
		};
		38089C142C12F08300B787DA /* Debug */ = {
			isa = XCBuildConfiguration;
			buildSettings = {
				ASSETCATALOG_COMPILER_APPICON_NAME = AppIcon;
				ASSETCATALOG_COMPILER_GLOBAL_ACCENT_COLOR_NAME = AccentColor;
				CODE_SIGN_STYLE = Automatic;
				CURRENT_PROJECT_VERSION = 1;
				DEVELOPMENT_TEAM = FCRBLG7A4X;
				GENERATE_INFOPLIST_FILE = YES;
				INFOPLIST_FILE = batailleNavale/Info.plist;
				INFOPLIST_KEY_UIApplicationSupportsIndirectInputEvents = YES;
				INFOPLIST_KEY_UILaunchStoryboardName = LaunchScreen;
				INFOPLIST_KEY_UIMainStoryboardFile = Main;
				INFOPLIST_KEY_UISupportedInterfaceOrientations_iPad = "UIInterfaceOrientationPortrait UIInterfaceOrientationPortraitUpsideDown UIInterfaceOrientationLandscapeLeft UIInterfaceOrientationLandscapeRight";
				INFOPLIST_KEY_UISupportedInterfaceOrientations_iPhone = "UIInterfaceOrientationPortrait UIInterfaceOrientationLandscapeLeft UIInterfaceOrientationLandscapeRight";
				LD_RUNPATH_SEARCH_PATHS = (
					"$(inherited)",
					"@executable_path/Frameworks",
				);
				MARKETING_VERSION = 1.0;
				PRODUCT_BUNDLE_IDENTIFIER = lha.batailleNavale;
				PRODUCT_NAME = "$(TARGET_NAME)";
				SWIFT_EMIT_LOC_STRINGS = YES;
				SWIFT_VERSION = 5.0;
				TARGETED_DEVICE_FAMILY = "1,2";
			};
			name = Debug;
		};
		38089C152C12F08300B787DA /* Release */ = {
			isa = XCBuildConfiguration;
			buildSettings = {
				ASSETCATALOG_COMPILER_APPICON_NAME = AppIcon;
				ASSETCATALOG_COMPILER_GLOBAL_ACCENT_COLOR_NAME = AccentColor;
				CODE_SIGN_STYLE = Automatic;
				CURRENT_PROJECT_VERSION = 1;
				DEVELOPMENT_TEAM = FCRBLG7A4X;
				GENERATE_INFOPLIST_FILE = YES;
				INFOPLIST_FILE = batailleNavale/Info.plist;
				INFOPLIST_KEY_UIApplicationSupportsIndirectInputEvents = YES;
				INFOPLIST_KEY_UILaunchStoryboardName = LaunchScreen;
				INFOPLIST_KEY_UIMainStoryboardFile = Main;
				INFOPLIST_KEY_UISupportedInterfaceOrientations_iPad = "UIInterfaceOrientationPortrait UIInterfaceOrientationPortraitUpsideDown UIInterfaceOrientationLandscapeLeft UIInterfaceOrientationLandscapeRight";
				INFOPLIST_KEY_UISupportedInterfaceOrientations_iPhone = "UIInterfaceOrientationPortrait UIInterfaceOrientationLandscapeLeft UIInterfaceOrientationLandscapeRight";
				LD_RUNPATH_SEARCH_PATHS = (
					"$(inherited)",
					"@executable_path/Frameworks",
				);
				MARKETING_VERSION = 1.0;
				PRODUCT_BUNDLE_IDENTIFIER = lha.batailleNavale;
				PRODUCT_NAME = "$(TARGET_NAME)";
				SWIFT_EMIT_LOC_STRINGS = YES;
				SWIFT_VERSION = 5.0;
				TARGETED_DEVICE_FAMILY = "1,2";
			};
			name = Release;
		};
		38089C172C12F08400B787DA /* Debug */ = {
			isa = XCBuildConfiguration;
			buildSettings = {
				ALWAYS_EMBED_SWIFT_STANDARD_LIBRARIES = YES;
				BUNDLE_LOADER = "$(TEST_HOST)";
				CODE_SIGN_STYLE = Automatic;
				CURRENT_PROJECT_VERSION = 1;
				DEVELOPMENT_TEAM = FCRBLG7A4X;
				GENERATE_INFOPLIST_FILE = YES;
				IPHONEOS_DEPLOYMENT_TARGET = 17.2;
				MARKETING_VERSION = 1.0;
				PRODUCT_BUNDLE_IDENTIFIER = lha.batailleNavaleTests;
				PRODUCT_NAME = "$(TARGET_NAME)";
				SWIFT_EMIT_LOC_STRINGS = NO;
				SWIFT_VERSION = 5.0;
				TARGETED_DEVICE_FAMILY = "1,2";
				TEST_HOST = "$(BUILT_PRODUCTS_DIR)/batailleNavale.app/$(BUNDLE_EXECUTABLE_FOLDER_PATH)/batailleNavale";
			};
			name = Debug;
		};
		38089C182C12F08400B787DA /* Release */ = {
			isa = XCBuildConfiguration;
			buildSettings = {
				ALWAYS_EMBED_SWIFT_STANDARD_LIBRARIES = YES;
				BUNDLE_LOADER = "$(TEST_HOST)";
				CODE_SIGN_STYLE = Automatic;
				CURRENT_PROJECT_VERSION = 1;
				DEVELOPMENT_TEAM = FCRBLG7A4X;
				GENERATE_INFOPLIST_FILE = YES;
				IPHONEOS_DEPLOYMENT_TARGET = 17.2;
				MARKETING_VERSION = 1.0;
				PRODUCT_BUNDLE_IDENTIFIER = lha.batailleNavaleTests;
				PRODUCT_NAME = "$(TARGET_NAME)";
				SWIFT_EMIT_LOC_STRINGS = NO;
				SWIFT_VERSION = 5.0;
				TARGETED_DEVICE_FAMILY = "1,2";
				TEST_HOST = "$(BUILT_PRODUCTS_DIR)/batailleNavale.app/$(BUNDLE_EXECUTABLE_FOLDER_PATH)/batailleNavale";
			};
			name = Release;
		};
		38089C1A2C12F08400B787DA /* Debug */ = {
			isa = XCBuildConfiguration;
			buildSettings = {
				ALWAYS_EMBED_SWIFT_STANDARD_LIBRARIES = YES;
				CODE_SIGN_STYLE = Automatic;
				CURRENT_PROJECT_VERSION = 1;
				DEVELOPMENT_TEAM = FCRBLG7A4X;
				GENERATE_INFOPLIST_FILE = YES;
				MARKETING_VERSION = 1.0;
				PRODUCT_BUNDLE_IDENTIFIER = lha.batailleNavaleUITests;
				PRODUCT_NAME = "$(TARGET_NAME)";
				SWIFT_EMIT_LOC_STRINGS = NO;
				SWIFT_VERSION = 5.0;
				TARGETED_DEVICE_FAMILY = "1,2";
				TEST_TARGET_NAME = batailleNavale;
			};
			name = Debug;
		};
		38089C1B2C12F08400B787DA /* Release */ = {
			isa = XCBuildConfiguration;
			buildSettings = {
				ALWAYS_EMBED_SWIFT_STANDARD_LIBRARIES = YES;
				CODE_SIGN_STYLE = Automatic;
				CURRENT_PROJECT_VERSION = 1;
				DEVELOPMENT_TEAM = FCRBLG7A4X;
				GENERATE_INFOPLIST_FILE = YES;
				MARKETING_VERSION = 1.0;
				PRODUCT_BUNDLE_IDENTIFIER = lha.batailleNavaleUITests;
				PRODUCT_NAME = "$(TARGET_NAME)";
				SWIFT_EMIT_LOC_STRINGS = NO;
				SWIFT_VERSION = 5.0;
				TARGETED_DEVICE_FAMILY = "1,2";
				TEST_TARGET_NAME = batailleNavale;
			};
			name = Release;
		};
/* End XCBuildConfiguration section */

/* Begin XCConfigurationList section */
		38089BE42C12F08100B787DA /* Build configuration list for PBXProject "batailleNavale" */ = {
			isa = XCConfigurationList;
			buildConfigurations = (
				38089C112C12F08300B787DA /* Debug */,
				38089C122C12F08300B787DA /* Release */,
			);
			defaultConfigurationIsVisible = 0;
			defaultConfigurationName = Release;
		};
		38089C132C12F08300B787DA /* Build configuration list for PBXNativeTarget "batailleNavale" */ = {
			isa = XCConfigurationList;
			buildConfigurations = (
				38089C142C12F08300B787DA /* Debug */,
				38089C152C12F08300B787DA /* Release */,
			);
			defaultConfigurationIsVisible = 0;
			defaultConfigurationName = Release;
		};
		38089C162C12F08400B787DA /* Build configuration list for PBXNativeTarget "batailleNavaleTests" */ = {
			isa = XCConfigurationList;
			buildConfigurations = (
				38089C172C12F08400B787DA /* Debug */,
				38089C182C12F08400B787DA /* Release */,
			);
			defaultConfigurationIsVisible = 0;
			defaultConfigurationName = Release;
		};
		38089C192C12F08400B787DA /* Build configuration list for PBXNativeTarget "batailleNavaleUITests" */ = {
			isa = XCConfigurationList;
			buildConfigurations = (
				38089C1A2C12F08400B787DA /* Debug */,
				38089C1B2C12F08400B787DA /* Release */,
			);
			defaultConfigurationIsVisible = 0;
			defaultConfigurationName = Release;
		};
/* End XCConfigurationList section */
	};
	rootObject = 38089BE12C12F08100B787DA /* Project object */;
}
